// !$*UTF8*$!
{
	archiveVersion = 1;
	classes = {
	};
	objectVersion = 56;
	objects = {

/* Begin PBXBuildFile section */
		2F6B3B122B85229F001FEBF8 /* TestMyFrameworkLib.framework in Frameworks */ = {isa = PBXBuildFile; fileRef = 2F6B3B092B85229F001FEBF8 /* TestMyFrameworkLib.framework */; };
		2F6B3B172B85229F001FEBF8 /* TestMyFrameworkLibTests.swift in Sources */ = {isa = PBXBuildFile; fileRef = 2F6B3B162B85229F001FEBF8 /* TestMyFrameworkLibTests.swift */; };
		2F6B3B182B85229F001FEBF8 /* TestMyFrameworkLib.h in Headers */ = {isa = PBXBuildFile; fileRef = 2F6B3B0C2B85229F001FEBF8 /* TestMyFrameworkLib.h */; settings = {ATTRIBUTES = (Public, ); }; };
		2F6B3B2A2B852425001FEBF8 /* AppDelegate.swift in Sources */ = {isa = PBXBuildFile; fileRef = 2F6B3B292B852425001FEBF8 /* AppDelegate.swift */; };
		2F6B3B2C2B852425001FEBF8 /* SceneDelegate.swift in Sources */ = {isa = PBXBuildFile; fileRef = 2F6B3B2B2B852425001FEBF8 /* SceneDelegate.swift */; };
		2F6B3B2E2B852425001FEBF8 /* ViewController.swift in Sources */ = {isa = PBXBuildFile; fileRef = 2F6B3B2D2B852425001FEBF8 /* ViewController.swift */; };
		2F6B3B312B852425001FEBF8 /* Main.storyboard in Resources */ = {isa = PBXBuildFile; fileRef = 2F6B3B2F2B852425001FEBF8 /* Main.storyboard */; };
		2F6B3B332B852428001FEBF8 /* Assets.xcassets in Resources */ = {isa = PBXBuildFile; fileRef = 2F6B3B322B852428001FEBF8 /* Assets.xcassets */; };
		2F6B3B362B852428001FEBF8 /* LaunchScreen.storyboard in Resources */ = {isa = PBXBuildFile; fileRef = 2F6B3B342B852428001FEBF8 /* LaunchScreen.storyboard */; };
/* End PBXBuildFile section */

/* Begin PBXContainerItemProxy section */
		2F6B3B132B85229F001FEBF8 /* PBXContainerItemProxy */ = {
			isa = PBXContainerItemProxy;
			containerPortal = 2F6B3B002B85229F001FEBF8 /* Project object */;
			proxyType = 1;
			remoteGlobalIDString = 2F6B3B082B85229F001FEBF8;
			remoteInfo = TestMyFrameworkLib;
		};
/* End PBXContainerItemProxy section */

/* Begin PBXFileReference section */
		2F6B3B092B85229F001FEBF8 /* TestMyFrameworkLib.framework */ = {isa = PBXFileReference; explicitFileType = wrapper.framework; includeInIndex = 0; path = TestMyFrameworkLib.framework; sourceTree = BUILT_PRODUCTS_DIR; };
		2F6B3B0C2B85229F001FEBF8 /* TestMyFrameworkLib.h */ = {isa = PBXFileReference; lastKnownFileType = sourcecode.c.h; path = TestMyFrameworkLib.h; sourceTree = "<group>"; };
		2F6B3B112B85229F001FEBF8 /* TestMyFrameworkLibTests.xctest */ = {isa = PBXFileReference; explicitFileType = wrapper.cfbundle; includeInIndex = 0; path = TestMyFrameworkLibTests.xctest; sourceTree = BUILT_PRODUCTS_DIR; };
		2F6B3B162B85229F001FEBF8 /* TestMyFrameworkLibTests.swift */ = {isa = PBXFileReference; lastKnownFileType = sourcecode.swift; path = TestMyFrameworkLibTests.swift; sourceTree = "<group>"; };
		2F6B3B272B852425001FEBF8 /* TestMyFrameworkLibExamples.app */ = {isa = PBXFileReference; explicitFileType = wrapper.application; includeInIndex = 0; path = TestMyFrameworkLibExamples.app; sourceTree = BUILT_PRODUCTS_DIR; };
		2F6B3B292B852425001FEBF8 /* AppDelegate.swift */ = {isa = PBXFileReference; lastKnownFileType = sourcecode.swift; path = AppDelegate.swift; sourceTree = "<group>"; };
		2F6B3B2B2B852425001FEBF8 /* SceneDelegate.swift */ = {isa = PBXFileReference; lastKnownFileType = sourcecode.swift; path = SceneDelegate.swift; sourceTree = "<group>"; };
		2F6B3B2D2B852425001FEBF8 /* ViewController.swift */ = {isa = PBXFileReference; lastKnownFileType = sourcecode.swift; path = ViewController.swift; sourceTree = "<group>"; };
		2F6B3B302B852425001FEBF8 /* Base */ = {isa = PBXFileReference; lastKnownFileType = file.storyboard; name = Base; path = Base.lproj/Main.storyboard; sourceTree = "<group>"; };
		2F6B3B322B852428001FEBF8 /* Assets.xcassets */ = {isa = PBXFileReference; lastKnownFileType = folder.assetcatalog; path = Assets.xcassets; sourceTree = "<group>"; };
		2F6B3B352B852428001FEBF8 /* Base */ = {isa = PBXFileReference; lastKnownFileType = file.storyboard; name = Base; path = Base.lproj/LaunchScreen.storyboard; sourceTree = "<group>"; };
		2F6B3B372B852428001FEBF8 /* Info.plist */ = {isa = PBXFileReference; lastKnownFileType = text.plist.xml; path = Info.plist; sourceTree = "<group>"; };
/* End PBXFileReference section */

/* Begin PBXFrameworksBuildPhase section */
		2F6B3B062B85229F001FEBF8 /* Frameworks */ = {
			isa = PBXFrameworksBuildPhase;
			buildActionMask = 2147483647;
			files = (
			);
			runOnlyForDeploymentPostprocessing = 0;
		};
		2F6B3B0E2B85229F001FEBF8 /* Frameworks */ = {
			isa = PBXFrameworksBuildPhase;
			buildActionMask = 2147483647;
			files = (
				2F6B3B122B85229F001FEBF8 /* TestMyFrameworkLib.framework in Frameworks */,
			);
			runOnlyForDeploymentPostprocessing = 0;
		};
		2F6B3B242B852425001FEBF8 /* Frameworks */ = {
			isa = PBXFrameworksBuildPhase;
			buildActionMask = 2147483647;
			files = (
			);
			runOnlyForDeploymentPostprocessing = 0;
		};
/* End PBXFrameworksBuildPhase section */

/* Begin PBXGroup section */
		2F6B3AFF2B85229F001FEBF8 = {
			isa = PBXGroup;
			children = (
				2F6B3B0B2B85229F001FEBF8 /* TestMyFrameworkLib */,
				2F6B3B152B85229F001FEBF8 /* TestMyFrameworkLibTests */,
				2F6B3B282B852425001FEBF8 /* TestMyFrameworkLibExamples */,
				2F6B3B0A2B85229F001FEBF8 /* Products */,
			);
			sourceTree = "<group>";
		};
		2F6B3B0A2B85229F001FEBF8 /* Products */ = {
			isa = PBXGroup;
			children = (
				2F6B3B092B85229F001FEBF8 /* TestMyFrameworkLib.framework */,
				2F6B3B112B85229F001FEBF8 /* TestMyFrameworkLibTests.xctest */,
				2F6B3B272B852425001FEBF8 /* TestMyFrameworkLibExamples.app */,
			);
			name = Products;
			sourceTree = "<group>";
		};
		2F6B3B0B2B85229F001FEBF8 /* TestMyFrameworkLib */ = {
			isa = PBXGroup;
			children = (
				2F6B3B0C2B85229F001FEBF8 /* TestMyFrameworkLib.h */,
			);
			path = TestMyFrameworkLib;
			sourceTree = "<group>";
		};
		2F6B3B152B85229F001FEBF8 /* TestMyFrameworkLibTests */ = {
			isa = PBXGroup;
			children = (
				2F6B3B162B85229F001FEBF8 /* TestMyFrameworkLibTests.swift */,
			);
			path = TestMyFrameworkLibTests;
			sourceTree = "<group>";
		};
		2F6B3B282B852425001FEBF8 /* TestMyFrameworkLibExamples */ = {
			isa = PBXGroup;
			children = (
				2F6B3B292B852425001FEBF8 /* AppDelegate.swift */,
				2F6B3B2B2B852425001FEBF8 /* SceneDelegate.swift */,
				2F6B3B2D2B852425001FEBF8 /* ViewController.swift */,
				2F6B3B2F2B852425001FEBF8 /* Main.storyboard */,
				2F6B3B322B852428001FEBF8 /* Assets.xcassets */,
				2F6B3B342B852428001FEBF8 /* LaunchScreen.storyboard */,
				2F6B3B372B852428001FEBF8 /* Info.plist */,
			);
			path = TestMyFrameworkLibExamples;
			sourceTree = "<group>";
		};
/* End PBXGroup section */

/* Begin PBXHeadersBuildPhase section */
		2F6B3B042B85229F001FEBF8 /* Headers */ = {
			isa = PBXHeadersBuildPhase;
			buildActionMask = 2147483647;
			files = (
				2F6B3B182B85229F001FEBF8 /* TestMyFrameworkLib.h in Headers */,
			);
			runOnlyForDeploymentPostprocessing = 0;
		};
/* End PBXHeadersBuildPhase section */

/* Begin PBXNativeTarget section */
		2F6B3B082B85229F001FEBF8 /* TestMyFrameworkLib */ = {
			isa = PBXNativeTarget;
			buildConfigurationList = 2F6B3B1B2B85229F001FEBF8 /* Build configuration list for PBXNativeTarget "TestMyFrameworkLib" */;
			buildPhases = (
				2F6B3B042B85229F001FEBF8 /* Headers */,
				2F6B3B052B85229F001FEBF8 /* Sources */,
				2F6B3B062B85229F001FEBF8 /* Frameworks */,
				2F6B3B072B85229F001FEBF8 /* Resources */,
			);
			buildRules = (
			);
			dependencies = (
			);
			name = TestMyFrameworkLib;
			productName = TestMyFrameworkLib;
			productReference = 2F6B3B092B85229F001FEBF8 /* TestMyFrameworkLib.framework */;
			productType = "com.apple.product-type.framework";
		};
		2F6B3B102B85229F001FEBF8 /* TestMyFrameworkLibTests */ = {
			isa = PBXNativeTarget;
			buildConfigurationList = 2F6B3B1E2B85229F001FEBF8 /* Build configuration list for PBXNativeTarget "TestMyFrameworkLibTests" */;
			buildPhases = (
				2F6B3B0D2B85229F001FEBF8 /* Sources */,
				2F6B3B0E2B85229F001FEBF8 /* Frameworks */,
				2F6B3B0F2B85229F001FEBF8 /* Resources */,
			);
			buildRules = (
			);
			dependencies = (
				2F6B3B142B85229F001FEBF8 /* PBXTargetDependency */,
			);
			name = TestMyFrameworkLibTests;
			productName = TestMyFrameworkLibTests;
			productReference = 2F6B3B112B85229F001FEBF8 /* TestMyFrameworkLibTests.xctest */;
			productType = "com.apple.product-type.bundle.unit-test";
		};
		2F6B3B262B852425001FEBF8 /* TestMyFrameworkLibExamples */ = {
			isa = PBXNativeTarget;
			buildConfigurationList = 2F6B3B382B852428001FEBF8 /* Build configuration list for PBXNativeTarget "TestMyFrameworkLibExamples" */;
			buildPhases = (
				2F6B3B232B852425001FEBF8 /* Sources */,
				2F6B3B242B852425001FEBF8 /* Frameworks */,
				2F6B3B252B852425001FEBF8 /* Resources */,
			);
			buildRules = (
			);
			dependencies = (
			);
			name = TestMyFrameworkLibExamples;
			productName = TestMyFrameworkLibExamples;
			productReference = 2F6B3B272B852425001FEBF8 /* TestMyFrameworkLibExamples.app */;
			productType = "com.apple.product-type.application";
		};
/* End PBXNativeTarget section */

/* Begin PBXProject section */
		2F6B3B002B85229F001FEBF8 /* Project object */ = {
			isa = PBXProject;
			attributes = {
				BuildIndependentTargetsInParallel = 1;
				LastSwiftUpdateCheck = 1420;
				LastUpgradeCheck = 1420;
				TargetAttributes = {
					2F6B3B082B85229F001FEBF8 = {
						CreatedOnToolsVersion = 14.2;
						LastSwiftMigration = 1420;
					};
					2F6B3B102B85229F001FEBF8 = {
						CreatedOnToolsVersion = 14.2;
					};
					2F6B3B262B852425001FEBF8 = {
						CreatedOnToolsVersion = 14.2;
					};
				};
			};
			buildConfigurationList = 2F6B3B032B85229F001FEBF8 /* Build configuration list for PBXProject "TestMyFrameworkLib" */;
			compatibilityVersion = "Xcode 14.0";
			developmentRegion = en;
			hasScannedForEncodings = 0;
			knownRegions = (
				en,
				Base,
			);
			mainGroup = 2F6B3AFF2B85229F001FEBF8;
			productRefGroup = 2F6B3B0A2B85229F001FEBF8 /* Products */;
			projectDirPath = "";
			projectRoot = "";
			targets = (
				2F6B3B082B85229F001FEBF8 /* TestMyFrameworkLib */,
				2F6B3B102B85229F001FEBF8 /* TestMyFrameworkLibTests */,
				2F6B3B262B852425001FEBF8 /* TestMyFrameworkLibExamples */,
			);
		};
/* End PBXProject section */

/* Begin PBXResourcesBuildPhase section */
		2F6B3B072B85229F001FEBF8 /* Resources */ = {
			isa = PBXResourcesBuildPhase;
			buildActionMask = 2147483647;
			files = (
			);
			runOnlyForDeploymentPostprocessing = 0;
		};
		2F6B3B0F2B85229F001FEBF8 /* Resources */ = {
			isa = PBXResourcesBuildPhase;
			buildActionMask = 2147483647;
			files = (
			);
			runOnlyForDeploymentPostprocessing = 0;
		};
		2F6B3B252B852425001FEBF8 /* Resources */ = {
			isa = PBXResourcesBuildPhase;
			buildActionMask = 2147483647;
			files = (
				2F6B3B362B852428001FEBF8 /* LaunchScreen.storyboard in Resources */,
				2F6B3B332B852428001FEBF8 /* Assets.xcassets in Resources */,
				2F6B3B312B852425001FEBF8 /* Main.storyboard in Resources */,
			);
			runOnlyForDeploymentPostprocessing = 0;
		};
/* End PBXResourcesBuildPhase section */

/* Begin PBXSourcesBuildPhase section */
		2F6B3B052B85229F001FEBF8 /* Sources */ = {
			isa = PBXSourcesBuildPhase;
			buildActionMask = 2147483647;
			files = (
			);
			runOnlyForDeploymentPostprocessing = 0;
		};
		2F6B3B0D2B85229F001FEBF8 /* Sources */ = {
			isa = PBXSourcesBuildPhase;
			buildActionMask = 2147483647;
			files = (
				2F6B3B172B85229F001FEBF8 /* TestMyFrameworkLibTests.swift in Sources */,
			);
			runOnlyForDeploymentPostprocessing = 0;
		};
		2F6B3B232B852425001FEBF8 /* Sources */ = {
			isa = PBXSourcesBuildPhase;
			buildActionMask = 2147483647;
			files = (
				2F6B3B2E2B852425001FEBF8 /* ViewController.swift in Sources */,
				2F6B3B2A2B852425001FEBF8 /* AppDelegate.swift in Sources */,
				2F6B3B2C2B852425001FEBF8 /* SceneDelegate.swift in Sources */,
			);
			runOnlyForDeploymentPostprocessing = 0;
		};
/* End PBXSourcesBuildPhase section */

/* Begin PBXTargetDependency section */
		2F6B3B142B85229F001FEBF8 /* PBXTargetDependency */ = {
			isa = PBXTargetDependency;
			target = 2F6B3B082B85229F001FEBF8 /* TestMyFrameworkLib */;
			targetProxy = 2F6B3B132B85229F001FEBF8 /* PBXContainerItemProxy */;
		};
/* End PBXTargetDependency section */

/* Begin PBXVariantGroup section */
		2F6B3B2F2B852425001FEBF8 /* Main.storyboard */ = {
			isa = PBXVariantGroup;
			children = (
				2F6B3B302B852425001FEBF8 /* Base */,
			);
			name = Main.storyboard;
			sourceTree = "<group>";
		};
		2F6B3B342B852428001FEBF8 /* LaunchScreen.storyboard */ = {
			isa = PBXVariantGroup;
			children = (
				2F6B3B352B852428001FEBF8 /* Base */,
			);
			name = LaunchScreen.storyboard;
			sourceTree = "<group>";
		};
/* End PBXVariantGroup section */

/* Begin XCBuildConfiguration section */
		2F6B3B192B85229F001FEBF8 /* Debug */ = {
			isa = XCBuildConfiguration;
			buildSettings = {
				ALWAYS_SEARCH_USER_PATHS = NO;
				CLANG_ANALYZER_NONNULL = YES;
				CLANG_ANALYZER_NUMBER_OBJECT_CONVERSION = YES_AGGRESSIVE;
				CLANG_CXX_LANGUAGE_STANDARD = "gnu++20";
				CLANG_ENABLE_MODULES = YES;
				CLANG_ENABLE_OBJC_ARC = YES;
				CLANG_ENABLE_OBJC_WEAK = YES;
				CLANG_WARN_BLOCK_CAPTURE_AUTORELEASING = YES;
				CLANG_WARN_BOOL_CONVERSION = YES;
				CLANG_WARN_COMMA = YES;
				CLANG_WARN_CONSTANT_CONVERSION = YES;
				CLANG_WARN_DEPRECATED_OBJC_IMPLEMENTATIONS = YES;
				CLANG_WARN_DIRECT_OBJC_ISA_USAGE = YES_ERROR;
				CLANG_WARN_DOCUMENTATION_COMMENTS = YES;
				CLANG_WARN_EMPTY_BODY = YES;
				CLANG_WARN_ENUM_CONVERSION = YES;
				CLANG_WARN_INFINITE_RECURSION = YES;
				CLANG_WARN_INT_CONVERSION = YES;
				CLANG_WARN_NON_LITERAL_NULL_CONVERSION = YES;
				CLANG_WARN_OBJC_IMPLICIT_RETAIN_SELF = YES;
				CLANG_WARN_OBJC_LITERAL_CONVERSION = YES;
				CLANG_WARN_OBJC_ROOT_CLASS = YES_ERROR;
				CLANG_WARN_QUOTED_INCLUDE_IN_FRAMEWORK_HEADER = YES;
				CLANG_WARN_RANGE_LOOP_ANALYSIS = YES;
				CLANG_WARN_STRICT_PROTOTYPES = YES;
				CLANG_WARN_SUSPICIOUS_MOVE = YES;
				CLANG_WARN_UNGUARDED_AVAILABILITY = YES_AGGRESSIVE;
				CLANG_WARN_UNREACHABLE_CODE = YES;
				CLANG_WARN__DUPLICATE_METHOD_MATCH = YES;
				COPY_PHASE_STRIP = NO;
				CURRENT_PROJECT_VERSION = 1;
				DEBUG_INFORMATION_FORMAT = dwarf;
				ENABLE_STRICT_OBJC_MSGSEND = YES;
				ENABLE_TESTABILITY = YES;
				GCC_C_LANGUAGE_STANDARD = gnu11;
				GCC_DYNAMIC_NO_PIC = NO;
				GCC_NO_COMMON_BLOCKS = YES;
				GCC_OPTIMIZATION_LEVEL = 0;
				GCC_PREPROCESSOR_DEFINITIONS = (
					"DEBUG=1",
					"$(inherited)",
				);
				GCC_WARN_64_TO_32_BIT_CONVERSION = YES;
				GCC_WARN_ABOUT_RETURN_TYPE = YES_ERROR;
				GCC_WARN_UNDECLARED_SELECTOR = YES;
				GCC_WARN_UNINITIALIZED_AUTOS = YES_AGGRESSIVE;
				GCC_WARN_UNUSED_FUNCTION = YES;
				GCC_WARN_UNUSED_VARIABLE = YES;
				IPHONEOS_DEPLOYMENT_TARGET = 16.2;
				MTL_ENABLE_DEBUG_INFO = INCLUDE_SOURCE;
				MTL_FAST_MATH = YES;
				ONLY_ACTIVE_ARCH = YES;
				SDKROOT = iphoneos;
				SWIFT_ACTIVE_COMPILATION_CONDITIONS = DEBUG;
				SWIFT_OPTIMIZATION_LEVEL = "-Onone";
				VERSIONING_SYSTEM = "apple-generic";
				VERSION_INFO_PREFIX = "";
			};
			name = Debug;
		};
		2F6B3B1A2B85229F001FEBF8 /* Release */ = {
			isa = XCBuildConfiguration;
			buildSettings = {
				ALWAYS_SEARCH_USER_PATHS = NO;
				CLANG_ANALYZER_NONNULL = YES;
				CLANG_ANALYZER_NUMBER_OBJECT_CONVERSION = YES_AGGRESSIVE;
				CLANG_CXX_LANGUAGE_STANDARD = "gnu++20";
				CLANG_ENABLE_MODULES = YES;
				CLANG_ENABLE_OBJC_ARC = YES;
				CLANG_ENABLE_OBJC_WEAK = YES;
				CLANG_WARN_BLOCK_CAPTURE_AUTORELEASING = YES;
				CLANG_WARN_BOOL_CONVERSION = YES;
				CLANG_WARN_COMMA = YES;
				CLANG_WARN_CONSTANT_CONVERSION = YES;
				CLANG_WARN_DEPRECATED_OBJC_IMPLEMENTATIONS = YES;
				CLANG_WARN_DIRECT_OBJC_ISA_USAGE = YES_ERROR;
				CLANG_WARN_DOCUMENTATION_COMMENTS = YES;
				CLANG_WARN_EMPTY_BODY = YES;
				CLANG_WARN_ENUM_CONVERSION = YES;
				CLANG_WARN_INFINITE_RECURSION = YES;
				CLANG_WARN_INT_CONVERSION = YES;
				CLANG_WARN_NON_LITERAL_NULL_CONVERSION = YES;
				CLANG_WARN_OBJC_IMPLICIT_RETAIN_SELF = YES;
				CLANG_WARN_OBJC_LITERAL_CONVERSION = YES;
				CLANG_WARN_OBJC_ROOT_CLASS = YES_ERROR;
				CLANG_WARN_QUOTED_INCLUDE_IN_FRAMEWORK_HEADER = YES;
				CLANG_WARN_RANGE_LOOP_ANALYSIS = YES;
				CLANG_WARN_STRICT_PROTOTYPES = YES;
				CLANG_WARN_SUSPICIOUS_MOVE = YES;
				CLANG_WARN_UNGUARDED_AVAILABILITY = YES_AGGRESSIVE;
				CLANG_WARN_UNREACHABLE_CODE = YES;
				CLANG_WARN__DUPLICATE_METHOD_MATCH = YES;
				COPY_PHASE_STRIP = NO;
				CURRENT_PROJECT_VERSION = 1;
				DEBUG_INFORMATION_FORMAT = "dwarf-with-dsym";
				ENABLE_NS_ASSERTIONS = NO;
				ENABLE_STRICT_OBJC_MSGSEND = YES;
				GCC_C_LANGUAGE_STANDARD = gnu11;
				GCC_NO_COMMON_BLOCKS = YES;
				GCC_WARN_64_TO_32_BIT_CONVERSION = YES;
				GCC_WARN_ABOUT_RETURN_TYPE = YES_ERROR;
				GCC_WARN_UNDECLARED_SELECTOR = YES;
				GCC_WARN_UNINITIALIZED_AUTOS = YES_AGGRESSIVE;
				GCC_WARN_UNUSED_FUNCTION = YES;
				GCC_WARN_UNUSED_VARIABLE = YES;
				IPHONEOS_DEPLOYMENT_TARGET = 16.2;
				MTL_ENABLE_DEBUG_INFO = NO;
				MTL_FAST_MATH = YES;
				SDKROOT = iphoneos;
				SWIFT_COMPILATION_MODE = wholemodule;
				SWIFT_OPTIMIZATION_LEVEL = "-O";
				VALIDATE_PRODUCT = YES;
				VERSIONING_SYSTEM = "apple-generic";
				VERSION_INFO_PREFIX = "";
			};
			name = Release;
		};
		2F6B3B1C2B85229F001FEBF8 /* Debug */ = {
			isa = XCBuildConfiguration;
			buildSettings = {
				CLANG_ENABLE_MODULES = YES;
				CODE_SIGN_STYLE = Automatic;
				CURRENT_PROJECT_VERSION = 1;
				DEFINES_MODULE = YES;
				DYLIB_COMPATIBILITY_VERSION = 1;
				DYLIB_CURRENT_VERSION = 1;
				DYLIB_INSTALL_NAME_BASE = "@rpath";
				GENERATE_INFOPLIST_FILE = YES;
				INFOPLIST_KEY_NSHumanReadableCopyright = "";
				INSTALL_PATH = "$(LOCAL_LIBRARY_DIR)/Frameworks";
				LD_RUNPATH_SEARCH_PATHS = (
					"$(inherited)",
					"@executable_path/Frameworks",
					"@loader_path/Frameworks",
				);
				MARKETING_VERSION = 1.0;
				PRODUCT_BUNDLE_IDENTIFIER = com.Newly.TestMyFrameworkLib;
				PRODUCT_NAME = "$(TARGET_NAME:c99extidentifier)";
				SKIP_INSTALL = YES;
				SWIFT_EMIT_LOC_STRINGS = YES;
				SWIFT_OPTIMIZATION_LEVEL = "-Onone";
				SWIFT_VERSION = 5.0;
				TARGETED_DEVICE_FAMILY = "1,2";
			};
			name = Debug;
		};
		2F6B3B1D2B85229F001FEBF8 /* Release */ = {
			isa = XCBuildConfiguration;
			buildSettings = {
				CLANG_ENABLE_MODULES = YES;
				CODE_SIGN_STYLE = Automatic;
				CURRENT_PROJECT_VERSION = 1;
				DEFINES_MODULE = YES;
				DYLIB_COMPATIBILITY_VERSION = 1;
				DYLIB_CURRENT_VERSION = 1;
				DYLIB_INSTALL_NAME_BASE = "@rpath";
				GENERATE_INFOPLIST_FILE = YES;
				INFOPLIST_KEY_NSHumanReadableCopyright = "";
				INSTALL_PATH = "$(LOCAL_LIBRARY_DIR)/Frameworks";
				LD_RUNPATH_SEARCH_PATHS = (
					"$(inherited)",
					"@executable_path/Frameworks",
					"@loader_path/Frameworks",
				);
				MARKETING_VERSION = 1.0;
				PRODUCT_BUNDLE_IDENTIFIER = com.Newly.TestMyFrameworkLib;
				PRODUCT_NAME = "$(TARGET_NAME:c99extidentifier)";
				SKIP_INSTALL = YES;
				SWIFT_EMIT_LOC_STRINGS = YES;
				SWIFT_VERSION = 5.0;
				TARGETED_DEVICE_FAMILY = "1,2";
			};
			name = Release;
		};
		2F6B3B1F2B85229F001FEBF8 /* Debug */ = {
			isa = XCBuildConfiguration;
			buildSettings = {
				CODE_SIGN_STYLE = Automatic;
				CURRENT_PROJECT_VERSION = 1;
				GENERATE_INFOPLIST_FILE = YES;
				MARKETING_VERSION = 1.0;
				PRODUCT_BUNDLE_IDENTIFIER = com.Newly.TestMyFrameworkLibTests;
				PRODUCT_NAME = "$(TARGET_NAME)";
				SWIFT_EMIT_LOC_STRINGS = NO;
				SWIFT_VERSION = 5.0;
				TARGETED_DEVICE_FAMILY = "1,2";
			};
			name = Debug;
		};
		2F6B3B202B85229F001FEBF8 /* Release */ = {
			isa = XCBuildConfiguration;
			buildSettings = {
				CODE_SIGN_STYLE = Automatic;
				CURRENT_PROJECT_VERSION = 1;
				GENERATE_INFOPLIST_FILE = YES;
				MARKETING_VERSION = 1.0;
				PRODUCT_BUNDLE_IDENTIFIER = com.Newly.TestMyFrameworkLibTests;
				PRODUCT_NAME = "$(TARGET_NAME)";
				SWIFT_EMIT_LOC_STRINGS = NO;
				SWIFT_VERSION = 5.0;
				TARGETED_DEVICE_FAMILY = "1,2";
			};
			name = Release;
		};
		2F6B3B392B852428001FEBF8 /* Debug */ = {
			isa = XCBuildConfiguration;
			buildSettings = {
				ASSETCATALOG_COMPILER_APPICON_NAME = AppIcon;
				ASSETCATALOG_COMPILER_GLOBAL_ACCENT_COLOR_NAME = AccentColor;
				CODE_SIGN_STYLE = Automatic;
				CURRENT_PROJECT_VERSION = 1;
				GENERATE_INFOPLIST_FILE = YES;
				INFOPLIST_FILE = TestMyFrameworkLibExamples/Info.plist;
				INFOPLIST_KEY_UIApplicationSupportsIndirectInputEvents = YES;
				INFOPLIST_KEY_UILaunchStoryboardName = LaunchScreen;
				INFOPLIST_KEY_UIMainStoryboardFile = Main;
				INFOPLIST_KEY_UISupportedInterfaceOrientations_iPad = "UIInterfaceOrientationPortrait UIInterfaceOrientationPortraitUpsideDown UIInterfaceOrientationLandscapeLeft UIInterfaceOrientationLandscapeRight";
				INFOPLIST_KEY_UISupportedInterfaceOrientations_iPhone = "UIInterfaceOrientationPortrait UIInterfaceOrientationLandscapeLeft UIInterfaceOrientationLandscapeRight";
				LD_RUNPATH_SEARCH_PATHS = (
					"$(inherited)",
					"@executable_path/Frameworks",
				);
				MARKETING_VERSION = 1.0;
				PRODUCT_BUNDLE_IDENTIFIER = com.Newly.TestMyFrameworkLibExamples;
				PRODUCT_NAME = "$(TARGET_NAME)";
				SWIFT_EMIT_LOC_STRINGS = YES;
				SWIFT_VERSION = 5.0;
				TARGETED_DEVICE_FAMILY = "1,2";
			};
			name = Debug;
		};
		2F6B3B3A2B852428001FEBF8 /* Release */ = {
			isa = XCBuildConfiguration;
			buildSettings = {
				ASSETCATALOG_COMPILER_APPICON_NAME = AppIcon;
				ASSETCATALOG_COMPILER_GLOBAL_ACCENT_COLOR_NAME = AccentColor;
				CODE_SIGN_STYLE = Automatic;
				CURRENT_PROJECT_VERSION = 1;
				GENERATE_INFOPLIST_FILE = YES;
				INFOPLIST_FILE = TestMyFrameworkLibExamples/Info.plist;
				INFOPLIST_KEY_UIApplicationSupportsIndirectInputEvents = YES;
				INFOPLIST_KEY_UILaunchStoryboardName = LaunchScreen;
				INFOPLIST_KEY_UIMainStoryboardFile = Main;
				INFOPLIST_KEY_UISupportedInterfaceOrientations_iPad = "UIInterfaceOrientationPortrait UIInterfaceOrientationPortraitUpsideDown UIInterfaceOrientationLandscapeLeft UIInterfaceOrientationLandscapeRight";
				INFOPLIST_KEY_UISupportedInterfaceOrientations_iPhone = "UIInterfaceOrientationPortrait UIInterfaceOrientationLandscapeLeft UIInterfaceOrientationLandscapeRight";
				LD_RUNPATH_SEARCH_PATHS = (
					"$(inherited)",
					"@executable_path/Frameworks",
				);
				MARKETING_VERSION = 1.0;
				PRODUCT_BUNDLE_IDENTIFIER = com.Newly.TestMyFrameworkLibExamples;
				PRODUCT_NAME = "$(TARGET_NAME)";
				SWIFT_EMIT_LOC_STRINGS = YES;
				SWIFT_VERSION = 5.0;
				TARGETED_DEVICE_FAMILY = "1,2";
			};
			name = Release;
		};
/* End XCBuildConfiguration section */

/* Begin XCConfigurationList section */
		2F6B3B032B85229F001FEBF8 /* Build configuration list for PBXProject "TestMyFrameworkLib" */ = {
			isa = XCConfigurationList;
			buildConfigurations = (
				2F6B3B192B85229F001FEBF8 /* Debug */,
				2F6B3B1A2B85229F001FEBF8 /* Release */,
			);
			defaultConfigurationIsVisible = 0;
			defaultConfigurationName = Release;
		};
		2F6B3B1B2B85229F001FEBF8 /* Build configuration list for PBXNativeTarget "TestMyFrameworkLib" */ = {
			isa = XCConfigurationList;
			buildConfigurations = (
				2F6B3B1C2B85229F001FEBF8 /* Debug */,
				2F6B3B1D2B85229F001FEBF8 /* Release */,
			);
			defaultConfigurationIsVisible = 0;
			defaultConfigurationName = Release;
		};
		2F6B3B1E2B85229F001FEBF8 /* Build configuration list for PBXNativeTarget "TestMyFrameworkLibTests" */ = {
			isa = XCConfigurationList;
			buildConfigurations = (
				2F6B3B1F2B85229F001FEBF8 /* Debug */,
				2F6B3B202B85229F001FEBF8 /* Release */,
			);
			defaultConfigurationIsVisible = 0;
			defaultConfigurationName = Release;
		};
		2F6B3B382B852428001FEBF8 /* Build configuration list for PBXNativeTarget "TestMyFrameworkLibExamples" */ = {
			isa = XCConfigurationList;
			buildConfigurations = (
				2F6B3B392B852428001FEBF8 /* Debug */,
				2F6B3B3A2B852428001FEBF8 /* Release */,
			);
			defaultConfigurationIsVisible = 0;
			defaultConfigurationName = Release;
		};
/* End XCConfigurationList section */
	};
	rootObject = 2F6B3B002B85229F001FEBF8 /* Project object */;
}
